// !$*UTF8*$!
{
	archiveVersion = 1;
	classes = {
	};
	objectVersion = 50;
	objects = {

/* Begin PBXBuildFile section */
		1DD2932D39425C8EF37E473E /* Pods_EloteroUITests.framework in Frameworks */ = {isa = PBXBuildFile; fileRef = 669D2154BE4881657DF2378B /* Pods_EloteroUITests.framework */; };
		1E97ECBA5A30E59D4CA0259F /* Pods_EloteroTests.framework in Frameworks */ = {isa = PBXBuildFile; fileRef = 482F8B854C84437FEBC8DEDF /* Pods_EloteroTests.framework */; };
		5C760479B984EA0D4D03FE3A /* Pods_Elotero.framework in Frameworks */ = {isa = PBXBuildFile; fileRef = 77197C9E80F893F2655965E6 /* Pods_Elotero.framework */; };
		A606CFCC22C1EB3300F9EFB4 /* ConsumerRegisterViewController.swift in Sources */ = {isa = PBXBuildFile; fileRef = A606CFCB22C1EB3300F9EFB4 /* ConsumerRegisterViewController.swift */; };
		A6C1843022C1D8BC00C0D7B3 /* Vendor.swift in Sources */ = {isa = PBXBuildFile; fileRef = A6C1842F22C1D8BC00C0D7B3 /* Vendor.swift */; };
		A6CEDF2522AD8AC3004D08C3 /* AppDelegate.swift in Sources */ = {isa = PBXBuildFile; fileRef = A6CEDF2422AD8AC3004D08C3 /* AppDelegate.swift */; };
		A6CEDF2A22AD8AC3004D08C3 /* Main.storyboard in Resources */ = {isa = PBXBuildFile; fileRef = A6CEDF2822AD8AC3004D08C3 /* Main.storyboard */; };
		A6CEDF2C22AD8AC4004D08C3 /* Assets.xcassets in Resources */ = {isa = PBXBuildFile; fileRef = A6CEDF2B22AD8AC4004D08C3 /* Assets.xcassets */; };
		A6CEDF2F22AD8AC4004D08C3 /* LaunchScreen.storyboard in Resources */ = {isa = PBXBuildFile; fileRef = A6CEDF2D22AD8AC4004D08C3 /* LaunchScreen.storyboard */; };
		A6CEDF3A22AD8AC4004D08C3 /* EloteroTests.swift in Sources */ = {isa = PBXBuildFile; fileRef = A6CEDF3922AD8AC4004D08C3 /* EloteroTests.swift */; };
		A6CEDF4522AD8AC4004D08C3 /* EloteroUITests.swift in Sources */ = {isa = PBXBuildFile; fileRef = A6CEDF4422AD8AC4004D08C3 /* EloteroUITests.swift */; };
		A6CEDF5522ADA857004D08C3 /* LoginViewController.swift in Sources */ = {isa = PBXBuildFile; fileRef = A6CEDF5422ADA857004D08C3 /* LoginViewController.swift */; };
		A6D7FC1722ADAB48000503B8 /* GoogleService-Info.plist in Resources */ = {isa = PBXBuildFile; fileRef = A6D7FC1622ADAB48000503B8 /* GoogleService-Info.plist */; };
		A6D7FC1822ADAB48000503B8 /* GoogleService-Info.plist in Resources */ = {isa = PBXBuildFile; fileRef = A6D7FC1622ADAB48000503B8 /* GoogleService-Info.plist */; };
		A6D7FC1922ADAB48000503B8 /* GoogleService-Info.plist in Resources */ = {isa = PBXBuildFile; fileRef = A6D7FC1622ADAB48000503B8 /* GoogleService-Info.plist */; };
		A6DFAB7622ADFC1F0029BFB4 /* ConsumerHomeViewController.swift in Sources */ = {isa = PBXBuildFile; fileRef = A6DFAB7522ADFC1F0029BFB4 /* ConsumerHomeViewController.swift */; };
		A6DFAB7822ADFC450029BFB4 /* Consumer.swift in Sources */ = {isa = PBXBuildFile; fileRef = A6DFAB7722ADFC450029BFB4 /* Consumer.swift */; };
		A6DFAB7D22ADFDD50029BFB4 /* VendorRegisterViewController.swift in Sources */ = {isa = PBXBuildFile; fileRef = A6DFAB7C22ADFDD50029BFB4 /* VendorRegisterViewController.swift */; };
		A6E19B5222C1E9FB00DEDA93 /* DBManagerUtil.swift in Sources */ = {isa = PBXBuildFile; fileRef = A6E19B5122C1E9FB00DEDA93 /* DBManagerUtil.swift */; };
/* End PBXBuildFile section */

/* Begin PBXContainerItemProxy section */
		A6CEDF3622AD8AC4004D08C3 /* PBXContainerItemProxy */ = {
			isa = PBXContainerItemProxy;
			containerPortal = A6CEDF1922AD8AC2004D08C3 /* Project object */;
			proxyType = 1;
			remoteGlobalIDString = A6CEDF2022AD8AC3004D08C3;
			remoteInfo = Elotero;
		};
		A6CEDF4122AD8AC4004D08C3 /* PBXContainerItemProxy */ = {
			isa = PBXContainerItemProxy;
			containerPortal = A6CEDF1922AD8AC2004D08C3 /* Project object */;
			proxyType = 1;
			remoteGlobalIDString = A6CEDF2022AD8AC3004D08C3;
			remoteInfo = Elotero;
		};
/* End PBXContainerItemProxy section */

/* Begin PBXFileReference section */
		18AC705E62C1903B0118D9CF /* Pods-Elotero.release.xcconfig */ = {isa = PBXFileReference; includeInIndex = 1; lastKnownFileType = text.xcconfig; name = "Pods-Elotero.release.xcconfig"; path = "Pods/Target Support Files/Pods-Elotero/Pods-Elotero.release.xcconfig"; sourceTree = "<group>"; };
		482F8B854C84437FEBC8DEDF /* Pods_EloteroTests.framework */ = {isa = PBXFileReference; explicitFileType = wrapper.framework; includeInIndex = 0; path = Pods_EloteroTests.framework; sourceTree = BUILT_PRODUCTS_DIR; };
		4B15F0AE8D126D53A8DE430B /* Pods-EloteroTests.debug.xcconfig */ = {isa = PBXFileReference; includeInIndex = 1; lastKnownFileType = text.xcconfig; name = "Pods-EloteroTests.debug.xcconfig"; path = "Pods/Target Support Files/Pods-EloteroTests/Pods-EloteroTests.debug.xcconfig"; sourceTree = "<group>"; };
		669D2154BE4881657DF2378B /* Pods_EloteroUITests.framework */ = {isa = PBXFileReference; explicitFileType = wrapper.framework; includeInIndex = 0; path = Pods_EloteroUITests.framework; sourceTree = BUILT_PRODUCTS_DIR; };
		77197C9E80F893F2655965E6 /* Pods_Elotero.framework */ = {isa = PBXFileReference; explicitFileType = wrapper.framework; includeInIndex = 0; path = Pods_Elotero.framework; sourceTree = BUILT_PRODUCTS_DIR; };
		96747132DEDF85E695C9FE95 /* Pods-EloteroUITests.release.xcconfig */ = {isa = PBXFileReference; includeInIndex = 1; lastKnownFileType = text.xcconfig; name = "Pods-EloteroUITests.release.xcconfig"; path = "Pods/Target Support Files/Pods-EloteroUITests/Pods-EloteroUITests.release.xcconfig"; sourceTree = "<group>"; };
		A1C3EC96F0AFBBC4AE4C20DE /* Pods-EloteroUITests.debug.xcconfig */ = {isa = PBXFileReference; includeInIndex = 1; lastKnownFileType = text.xcconfig; name = "Pods-EloteroUITests.debug.xcconfig"; path = "Pods/Target Support Files/Pods-EloteroUITests/Pods-EloteroUITests.debug.xcconfig"; sourceTree = "<group>"; };
		A606CFCB22C1EB3300F9EFB4 /* ConsumerRegisterViewController.swift */ = {isa = PBXFileReference; lastKnownFileType = sourcecode.swift; path = ConsumerRegisterViewController.swift; sourceTree = "<group>"; };
		A6C1842F22C1D8BC00C0D7B3 /* Vendor.swift */ = {isa = PBXFileReference; lastKnownFileType = sourcecode.swift; path = Vendor.swift; sourceTree = "<group>"; };
		A6CEDF2122AD8AC3004D08C3 /* Elotero.app */ = {isa = PBXFileReference; explicitFileType = wrapper.application; includeInIndex = 0; path = Elotero.app; sourceTree = BUILT_PRODUCTS_DIR; };
		A6CEDF2422AD8AC3004D08C3 /* AppDelegate.swift */ = {isa = PBXFileReference; lastKnownFileType = sourcecode.swift; path = AppDelegate.swift; sourceTree = "<group>"; };
		A6CEDF2922AD8AC3004D08C3 /* Base */ = {isa = PBXFileReference; lastKnownFileType = file.storyboard; name = Base; path = Base.lproj/Main.storyboard; sourceTree = "<group>"; };
		A6CEDF2B22AD8AC4004D08C3 /* Assets.xcassets */ = {isa = PBXFileReference; lastKnownFileType = folder.assetcatalog; path = Assets.xcassets; sourceTree = "<group>"; };
		A6CEDF2E22AD8AC4004D08C3 /* Base */ = {isa = PBXFileReference; lastKnownFileType = file.storyboard; name = Base; path = Base.lproj/LaunchScreen.storyboard; sourceTree = "<group>"; };
		A6CEDF3022AD8AC4004D08C3 /* Info.plist */ = {isa = PBXFileReference; lastKnownFileType = text.plist.xml; path = Info.plist; sourceTree = "<group>"; };
		A6CEDF3522AD8AC4004D08C3 /* EloteroTests.xctest */ = {isa = PBXFileReference; explicitFileType = wrapper.cfbundle; includeInIndex = 0; path = EloteroTests.xctest; sourceTree = BUILT_PRODUCTS_DIR; };
		A6CEDF3922AD8AC4004D08C3 /* EloteroTests.swift */ = {isa = PBXFileReference; lastKnownFileType = sourcecode.swift; path = EloteroTests.swift; sourceTree = "<group>"; };
		A6CEDF3B22AD8AC4004D08C3 /* Info.plist */ = {isa = PBXFileReference; lastKnownFileType = text.plist.xml; path = Info.plist; sourceTree = "<group>"; };
		A6CEDF4022AD8AC4004D08C3 /* EloteroUITests.xctest */ = {isa = PBXFileReference; explicitFileType = wrapper.cfbundle; includeInIndex = 0; path = EloteroUITests.xctest; sourceTree = BUILT_PRODUCTS_DIR; };
		A6CEDF4422AD8AC4004D08C3 /* EloteroUITests.swift */ = {isa = PBXFileReference; lastKnownFileType = sourcecode.swift; path = EloteroUITests.swift; sourceTree = "<group>"; };
		A6CEDF4622AD8AC4004D08C3 /* Info.plist */ = {isa = PBXFileReference; lastKnownFileType = text.plist.xml; path = Info.plist; sourceTree = "<group>"; };
		A6CEDF5422ADA857004D08C3 /* LoginViewController.swift */ = {isa = PBXFileReference; lastKnownFileType = sourcecode.swift; path = LoginViewController.swift; sourceTree = "<group>"; };
		A6D078A622DD582900EDB2DA /* Elotero.entitlements */ = {isa = PBXFileReference; lastKnownFileType = text.plist.entitlements; path = Elotero.entitlements; sourceTree = "<group>"; };
		A6D7FC1622ADAB48000503B8 /* GoogleService-Info.plist */ = {isa = PBXFileReference; fileEncoding = 4; lastKnownFileType = text.plist.xml; path = "GoogleService-Info.plist"; sourceTree = "<group>"; };
		A6DFAB7522ADFC1F0029BFB4 /* ConsumerHomeViewController.swift */ = {isa = PBXFileReference; lastKnownFileType = sourcecode.swift; path = ConsumerHomeViewController.swift; sourceTree = "<group>"; };
		A6DFAB7722ADFC450029BFB4 /* Consumer.swift */ = {isa = PBXFileReference; lastKnownFileType = sourcecode.swift; path = Consumer.swift; sourceTree = "<group>"; };
		A6DFAB7C22ADFDD50029BFB4 /* VendorRegisterViewController.swift */ = {isa = PBXFileReference; lastKnownFileType = sourcecode.swift; path = VendorRegisterViewController.swift; sourceTree = "<group>"; };
		A6DFAB7F22AE106A0029BFB4 /* sha256Header.h */ = {isa = PBXFileReference; lastKnownFileType = sourcecode.c.h; path = sha256Header.h; sourceTree = "<group>"; };
		A6E19B5122C1E9FB00DEDA93 /* DBManagerUtil.swift */ = {isa = PBXFileReference; lastKnownFileType = sourcecode.swift; path = DBManagerUtil.swift; sourceTree = "<group>"; };
		F27F23CB599E168EAA9E823A /* Pods-Elotero.debug.xcconfig */ = {isa = PBXFileReference; includeInIndex = 1; lastKnownFileType = text.xcconfig; name = "Pods-Elotero.debug.xcconfig"; path = "Pods/Target Support Files/Pods-Elotero/Pods-Elotero.debug.xcconfig"; sourceTree = "<group>"; };
		FFD21029F49C0755BBE68DC2 /* Pods-EloteroTests.release.xcconfig */ = {isa = PBXFileReference; includeInIndex = 1; lastKnownFileType = text.xcconfig; name = "Pods-EloteroTests.release.xcconfig"; path = "Pods/Target Support Files/Pods-EloteroTests/Pods-EloteroTests.release.xcconfig"; sourceTree = "<group>"; };
/* End PBXFileReference section */

/* Begin PBXFrameworksBuildPhase section */
		A6CEDF1E22AD8AC3004D08C3 /* Frameworks */ = {
			isa = PBXFrameworksBuildPhase;
			buildActionMask = 2147483647;
			files = (
				5C760479B984EA0D4D03FE3A /* Pods_Elotero.framework in Frameworks */,
			);
			runOnlyForDeploymentPostprocessing = 0;
		};
		A6CEDF3222AD8AC4004D08C3 /* Frameworks */ = {
			isa = PBXFrameworksBuildPhase;
			buildActionMask = 2147483647;
			files = (
				1E97ECBA5A30E59D4CA0259F /* Pods_EloteroTests.framework in Frameworks */,
			);
			runOnlyForDeploymentPostprocessing = 0;
		};
		A6CEDF3D22AD8AC4004D08C3 /* Frameworks */ = {
			isa = PBXFrameworksBuildPhase;
			buildActionMask = 2147483647;
			files = (
				1DD2932D39425C8EF37E473E /* Pods_EloteroUITests.framework in Frameworks */,
			);
			runOnlyForDeploymentPostprocessing = 0;
		};
/* End PBXFrameworksBuildPhase section */

/* Begin PBXGroup section */
		3B6E3AFEF56508F831DFFEC2 /* Frameworks */ = {
			isa = PBXGroup;
			children = (
				77197C9E80F893F2655965E6 /* Pods_Elotero.framework */,
				482F8B854C84437FEBC8DEDF /* Pods_EloteroTests.framework */,
				669D2154BE4881657DF2378B /* Pods_EloteroUITests.framework */,
			);
			name = Frameworks;
			sourceTree = "<group>";
		};
		897A8636438DB9FC6B743B50 /* Pods */ = {
			isa = PBXGroup;
			children = (
				F27F23CB599E168EAA9E823A /* Pods-Elotero.debug.xcconfig */,
				18AC705E62C1903B0118D9CF /* Pods-Elotero.release.xcconfig */,
				4B15F0AE8D126D53A8DE430B /* Pods-EloteroTests.debug.xcconfig */,
				FFD21029F49C0755BBE68DC2 /* Pods-EloteroTests.release.xcconfig */,
				A1C3EC96F0AFBBC4AE4C20DE /* Pods-EloteroUITests.debug.xcconfig */,
				96747132DEDF85E695C9FE95 /* Pods-EloteroUITests.release.xcconfig */,
			);
			name = Pods;
			sourceTree = "<group>";
		};
		A6CEDF1822AD8AC2004D08C3 = {
			isa = PBXGroup;
			children = (
				A6CEDF2322AD8AC3004D08C3 /* Elotero */,
				A6CEDF3822AD8AC4004D08C3 /* EloteroTests */,
				A6CEDF4322AD8AC4004D08C3 /* EloteroUITests */,
				A6CEDF2222AD8AC3004D08C3 /* Products */,
				897A8636438DB9FC6B743B50 /* Pods */,
				3B6E3AFEF56508F831DFFEC2 /* Frameworks */,
			);
			sourceTree = "<group>";
		};
		A6CEDF2222AD8AC3004D08C3 /* Products */ = {
			isa = PBXGroup;
			children = (
				A6CEDF2122AD8AC3004D08C3 /* Elotero.app */,
				A6CEDF3522AD8AC4004D08C3 /* EloteroTests.xctest */,
				A6CEDF4022AD8AC4004D08C3 /* EloteroUITests.xctest */,
			);
			name = Products;
			sourceTree = "<group>";
		};
		A6CEDF2322AD8AC3004D08C3 /* Elotero */ = {
			isa = PBXGroup;
			children = (
				A6D078A622DD582900EDB2DA /* Elotero.entitlements */,
				A6E19B5022C1E9E700DEDA93 /* Utilities */,
				A6DFAB7E22AE104A0029BFB4 /* Headers */,
				A6DFAB7B22ADFC6A0029BFB4 /* Views */,
				A6DFAB7A22ADFC5B0029BFB4 /* ViewControllers */,
				A6DFAB7922ADFC4C0029BFB4 /* Models */,
				A6CEDF2422AD8AC3004D08C3 /* AppDelegate.swift */,
				A6CEDF2822AD8AC3004D08C3 /* Main.storyboard */,
				A6CEDF2B22AD8AC4004D08C3 /* Assets.xcassets */,
				A6CEDF2D22AD8AC4004D08C3 /* LaunchScreen.storyboard */,
				A6D7FC1622ADAB48000503B8 /* GoogleService-Info.plist */,
				A6CEDF3022AD8AC4004D08C3 /* Info.plist */,
			);
			path = Elotero;
			sourceTree = "<group>";
		};
		A6CEDF3822AD8AC4004D08C3 /* EloteroTests */ = {
			isa = PBXGroup;
			children = (
				A6CEDF3922AD8AC4004D08C3 /* EloteroTests.swift */,
				A6CEDF3B22AD8AC4004D08C3 /* Info.plist */,
			);
			path = EloteroTests;
			sourceTree = "<group>";
		};
		A6CEDF4322AD8AC4004D08C3 /* EloteroUITests */ = {
			isa = PBXGroup;
			children = (
				A6CEDF4422AD8AC4004D08C3 /* EloteroUITests.swift */,
				A6CEDF4622AD8AC4004D08C3 /* Info.plist */,
			);
			path = EloteroUITests;
			sourceTree = "<group>";
		};
		A6DFAB7922ADFC4C0029BFB4 /* Models */ = {
			isa = PBXGroup;
			children = (
				A6DFAB7722ADFC450029BFB4 /* Consumer.swift */,
				A6C1842F22C1D8BC00C0D7B3 /* Vendor.swift */,
			);
			path = Models;
			sourceTree = "<group>";
		};
		A6DFAB7A22ADFC5B0029BFB4 /* ViewControllers */ = {
			isa = PBXGroup;
			children = (
				A6CEDF5422ADA857004D08C3 /* LoginViewController.swift */,
				A6DFAB7522ADFC1F0029BFB4 /* ConsumerHomeViewController.swift */,
				A6DFAB7C22ADFDD50029BFB4 /* VendorRegisterViewController.swift */,
				A606CFCB22C1EB3300F9EFB4 /* ConsumerRegisterViewController.swift */,
			);
			path = ViewControllers;
			sourceTree = "<group>";
		};
		A6DFAB7B22ADFC6A0029BFB4 /* Views */ = {
			isa = PBXGroup;
			children = (
			);
			path = Views;
			sourceTree = "<group>";
		};
		A6DFAB7E22AE104A0029BFB4 /* Headers */ = {
			isa = PBXGroup;
			children = (
				A6DFAB7F22AE106A0029BFB4 /* sha256Header.h */,
			);
			path = Headers;
			sourceTree = "<group>";
		};
		A6E19B5022C1E9E700DEDA93 /* Utilities */ = {
			isa = PBXGroup;
			children = (
				A6E19B5122C1E9FB00DEDA93 /* DBManagerUtil.swift */,
			);
			path = Utilities;
			sourceTree = "<group>";
		};
/* End PBXGroup section */

/* Begin PBXNativeTarget section */
		A6CEDF2022AD8AC3004D08C3 /* Elotero */ = {
			isa = PBXNativeTarget;
			buildConfigurationList = A6CEDF4922AD8AC4004D08C3 /* Build configuration list for PBXNativeTarget "Elotero" */;
			buildPhases = (
				3CBEEBE8552D5A1F8912D58D /* [CP] Check Pods Manifest.lock */,
				A6CEDF1D22AD8AC3004D08C3 /* Sources */,
				A6CEDF1E22AD8AC3004D08C3 /* Frameworks */,
				A6CEDF1F22AD8AC3004D08C3 /* Resources */,
				B03BBF4E24BA3289332B601A /* [CP] Embed Pods Frameworks */,
			);
			buildRules = (
			);
			dependencies = (
			);
			name = Elotero;
			productName = Elotero;
			productReference = A6CEDF2122AD8AC3004D08C3 /* Elotero.app */;
			productType = "com.apple.product-type.application";
		};
		A6CEDF3422AD8AC4004D08C3 /* EloteroTests */ = {
			isa = PBXNativeTarget;
			buildConfigurationList = A6CEDF4C22AD8AC4004D08C3 /* Build configuration list for PBXNativeTarget "EloteroTests" */;
			buildPhases = (
				E411B2180054023D59D0CC57 /* [CP] Check Pods Manifest.lock */,
				A6CEDF3122AD8AC4004D08C3 /* Sources */,
				A6CEDF3222AD8AC4004D08C3 /* Frameworks */,
				A6CEDF3322AD8AC4004D08C3 /* Resources */,
			);
			buildRules = (
			);
			dependencies = (
				A6CEDF3722AD8AC4004D08C3 /* PBXTargetDependency */,
			);
			name = EloteroTests;
			productName = EloteroTests;
			productReference = A6CEDF3522AD8AC4004D08C3 /* EloteroTests.xctest */;
			productType = "com.apple.product-type.bundle.unit-test";
		};
		A6CEDF3F22AD8AC4004D08C3 /* EloteroUITests */ = {
			isa = PBXNativeTarget;
			buildConfigurationList = A6CEDF4F22AD8AC4004D08C3 /* Build configuration list for PBXNativeTarget "EloteroUITests" */;
			buildPhases = (
				BC7D25CC40A0A22DE3814BA2 /* [CP] Check Pods Manifest.lock */,
				A6CEDF3C22AD8AC4004D08C3 /* Sources */,
				A6CEDF3D22AD8AC4004D08C3 /* Frameworks */,
				A6CEDF3E22AD8AC4004D08C3 /* Resources */,
			);
			buildRules = (
			);
			dependencies = (
				A6CEDF4222AD8AC4004D08C3 /* PBXTargetDependency */,
			);
			name = EloteroUITests;
			productName = EloteroUITests;
			productReference = A6CEDF4022AD8AC4004D08C3 /* EloteroUITests.xctest */;
			productType = "com.apple.product-type.bundle.ui-testing";
		};
/* End PBXNativeTarget section */

/* Begin PBXProject section */
		A6CEDF1922AD8AC2004D08C3 /* Project object */ = {
			isa = PBXProject;
			attributes = {
				LastSwiftUpdateCheck = 1020;
				LastUpgradeCheck = 1020;
				ORGANIZATIONNAME = "Chris Martinez";
				TargetAttributes = {
					A6CEDF2022AD8AC3004D08C3 = {
						CreatedOnToolsVersion = 10.2.1;
						SystemCapabilities = {
							com.apple.Keychain = {
								enabled = 1;
							};
						};
					};
					A6CEDF3422AD8AC4004D08C3 = {
						CreatedOnToolsVersion = 10.2.1;
						TestTargetID = A6CEDF2022AD8AC3004D08C3;
					};
					A6CEDF3F22AD8AC4004D08C3 = {
						CreatedOnToolsVersion = 10.2.1;
						TestTargetID = A6CEDF2022AD8AC3004D08C3;
					};
				};
			};
			buildConfigurationList = A6CEDF1C22AD8AC2004D08C3 /* Build configuration list for PBXProject "Elotero" */;
			compatibilityVersion = "Xcode 9.3";
			developmentRegion = en;
			hasScannedForEncodings = 0;
			knownRegions = (
				en,
				Base,
			);
			mainGroup = A6CEDF1822AD8AC2004D08C3;
			productRefGroup = A6CEDF2222AD8AC3004D08C3 /* Products */;
			projectDirPath = "";
			projectRoot = "";
			targets = (
				A6CEDF2022AD8AC3004D08C3 /* Elotero */,
				A6CEDF3422AD8AC4004D08C3 /* EloteroTests */,
				A6CEDF3F22AD8AC4004D08C3 /* EloteroUITests */,
			);
		};
/* End PBXProject section */

/* Begin PBXResourcesBuildPhase section */
		A6CEDF1F22AD8AC3004D08C3 /* Resources */ = {
			isa = PBXResourcesBuildPhase;
			buildActionMask = 2147483647;
			files = (
				A6CEDF2F22AD8AC4004D08C3 /* LaunchScreen.storyboard in Resources */,
				A6D7FC1722ADAB48000503B8 /* GoogleService-Info.plist in Resources */,
				A6CEDF2C22AD8AC4004D08C3 /* Assets.xcassets in Resources */,
				A6CEDF2A22AD8AC3004D08C3 /* Main.storyboard in Resources */,
			);
			runOnlyForDeploymentPostprocessing = 0;
		};
		A6CEDF3322AD8AC4004D08C3 /* Resources */ = {
			isa = PBXResourcesBuildPhase;
			buildActionMask = 2147483647;
			files = (
				A6D7FC1822ADAB48000503B8 /* GoogleService-Info.plist in Resources */,
			);
			runOnlyForDeploymentPostprocessing = 0;
		};
		A6CEDF3E22AD8AC4004D08C3 /* Resources */ = {
			isa = PBXResourcesBuildPhase;
			buildActionMask = 2147483647;
			files = (
				A6D7FC1922ADAB48000503B8 /* GoogleService-Info.plist in Resources */,
			);
			runOnlyForDeploymentPostprocessing = 0;
		};
/* End PBXResourcesBuildPhase section */

/* Begin PBXShellScriptBuildPhase section */
		3CBEEBE8552D5A1F8912D58D /* [CP] Check Pods Manifest.lock */ = {
			isa = PBXShellScriptBuildPhase;
			buildActionMask = 2147483647;
			files = (
			);
			inputFileListPaths = (
			);
			inputPaths = (
				"${PODS_PODFILE_DIR_PATH}/Podfile.lock",
				"${PODS_ROOT}/Manifest.lock",
			);
			name = "[CP] Check Pods Manifest.lock";
			outputFileListPaths = (
			);
			outputPaths = (
				"$(DERIVED_FILE_DIR)/Pods-Elotero-checkManifestLockResult.txt",
			);
			runOnlyForDeploymentPostprocessing = 0;
			shellPath = /bin/sh;
			shellScript = "diff \"${PODS_PODFILE_DIR_PATH}/Podfile.lock\" \"${PODS_ROOT}/Manifest.lock\" > /dev/null\nif [ $? != 0 ] ; then\n    # print error to STDERR\n    echo \"error: The sandbox is not in sync with the Podfile.lock. Run 'pod install' or update your CocoaPods installation.\" >&2\n    exit 1\nfi\n# This output is used by Xcode 'outputs' to avoid re-running this script phase.\necho \"SUCCESS\" > \"${SCRIPT_OUTPUT_FILE_0}\"\n";
			showEnvVarsInLog = 0;
		};
		B03BBF4E24BA3289332B601A /* [CP] Embed Pods Frameworks */ = {
			isa = PBXShellScriptBuildPhase;
			buildActionMask = 2147483647;
			files = (
			);
			inputFileListPaths = (
			);
			inputPaths = (
				"${SRCROOT}/Pods/Target Support Files/Pods-Elotero/Pods-Elotero-frameworks.sh",
				"${BUILT_PRODUCTS_DIR}/GTMSessionFetcher/GTMSessionFetcher.framework",
				"${BUILT_PRODUCTS_DIR}/GoogleToolboxForMac/GoogleToolboxForMac.framework",
				"${BUILT_PRODUCTS_DIR}/GoogleUtilities/GoogleUtilities.framework",
				"${BUILT_PRODUCTS_DIR}/Protobuf/Protobuf.framework",
				"${BUILT_PRODUCTS_DIR}/leveldb-library/leveldb.framework",
				"${BUILT_PRODUCTS_DIR}/nanopb/nanopb.framework",
			);
			name = "[CP] Embed Pods Frameworks";
			outputFileListPaths = (
			);
			outputPaths = (
				"${TARGET_BUILD_DIR}/${FRAMEWORKS_FOLDER_PATH}/GTMSessionFetcher.framework",
				"${TARGET_BUILD_DIR}/${FRAMEWORKS_FOLDER_PATH}/GoogleToolboxForMac.framework",
				"${TARGET_BUILD_DIR}/${FRAMEWORKS_FOLDER_PATH}/GoogleUtilities.framework",
				"${TARGET_BUILD_DIR}/${FRAMEWORKS_FOLDER_PATH}/Protobuf.framework",
				"${TARGET_BUILD_DIR}/${FRAMEWORKS_FOLDER_PATH}/leveldb.framework",
				"${TARGET_BUILD_DIR}/${FRAMEWORKS_FOLDER_PATH}/nanopb.framework",
			);
			runOnlyForDeploymentPostprocessing = 0;
			shellPath = /bin/sh;
			shellScript = "\"${SRCROOT}/Pods/Target Support Files/Pods-Elotero/Pods-Elotero-frameworks.sh\"\n";
			showEnvVarsInLog = 0;
		};
		BC7D25CC40A0A22DE3814BA2 /* [CP] Check Pods Manifest.lock */ = {
			isa = PBXShellScriptBuildPhase;
			buildActionMask = 2147483647;
			files = (
			);
			inputFileListPaths = (
			);
			inputPaths = (
				"${PODS_PODFILE_DIR_PATH}/Podfile.lock",
				"${PODS_ROOT}/Manifest.lock",
			);
			name = "[CP] Check Pods Manifest.lock";
			outputFileListPaths = (
			);
			outputPaths = (
				"$(DERIVED_FILE_DIR)/Pods-EloteroUITests-checkManifestLockResult.txt",
			);
			runOnlyForDeploymentPostprocessing = 0;
			shellPath = /bin/sh;
			shellScript = "diff \"${PODS_PODFILE_DIR_PATH}/Podfile.lock\" \"${PODS_ROOT}/Manifest.lock\" > /dev/null\nif [ $? != 0 ] ; then\n    # print error to STDERR\n    echo \"error: The sandbox is not in sync with the Podfile.lock. Run 'pod install' or update your CocoaPods installation.\" >&2\n    exit 1\nfi\n# This output is used by Xcode 'outputs' to avoid re-running this script phase.\necho \"SUCCESS\" > \"${SCRIPT_OUTPUT_FILE_0}\"\n";
			showEnvVarsInLog = 0;
		};
		E411B2180054023D59D0CC57 /* [CP] Check Pods Manifest.lock */ = {
			isa = PBXShellScriptBuildPhase;
			buildActionMask = 2147483647;
			files = (
			);
			inputFileListPaths = (
			);
			inputPaths = (
				"${PODS_PODFILE_DIR_PATH}/Podfile.lock",
				"${PODS_ROOT}/Manifest.lock",
			);
			name = "[CP] Check Pods Manifest.lock";
			outputFileListPaths = (
			);
			outputPaths = (
				"$(DERIVED_FILE_DIR)/Pods-EloteroTests-checkManifestLockResult.txt",
			);
			runOnlyForDeploymentPostprocessing = 0;
			shellPath = /bin/sh;
			shellScript = "diff \"${PODS_PODFILE_DIR_PATH}/Podfile.lock\" \"${PODS_ROOT}/Manifest.lock\" > /dev/null\nif [ $? != 0 ] ; then\n    # print error to STDERR\n    echo \"error: The sandbox is not in sync with the Podfile.lock. Run 'pod install' or update your CocoaPods installation.\" >&2\n    exit 1\nfi\n# This output is used by Xcode 'outputs' to avoid re-running this script phase.\necho \"SUCCESS\" > \"${SCRIPT_OUTPUT_FILE_0}\"\n";
			showEnvVarsInLog = 0;
		};
/* End PBXShellScriptBuildPhase section */

/* Begin PBXSourcesBuildPhase section */
		A6CEDF1D22AD8AC3004D08C3 /* Sources */ = {
			isa = PBXSourcesBuildPhase;
			buildActionMask = 2147483647;
			files = (
				A6E19B5222C1E9FB00DEDA93 /* DBManagerUtil.swift in Sources */,
				A6DFAB7822ADFC450029BFB4 /* Consumer.swift in Sources */,
				A6DFAB7D22ADFDD50029BFB4 /* VendorRegisterViewController.swift in Sources */,
				A6CEDF5522ADA857004D08C3 /* LoginViewController.swift in Sources */,
				A6C1843022C1D8BC00C0D7B3 /* Vendor.swift in Sources */,
				A6DFAB7622ADFC1F0029BFB4 /* ConsumerHomeViewController.swift in Sources */,
				A6CEDF2522AD8AC3004D08C3 /* AppDelegate.swift in Sources */,
				A606CFCC22C1EB3300F9EFB4 /* ConsumerRegisterViewController.swift in Sources */,
			);
			runOnlyForDeploymentPostprocessing = 0;
		};
		A6CEDF3122AD8AC4004D08C3 /* Sources */ = {
			isa = PBXSourcesBuildPhase;
			buildActionMask = 2147483647;
			files = (
				A6CEDF3A22AD8AC4004D08C3 /* EloteroTests.swift in Sources */,
			);
			runOnlyForDeploymentPostprocessing = 0;
		};
		A6CEDF3C22AD8AC4004D08C3 /* Sources */ = {
			isa = PBXSourcesBuildPhase;
			buildActionMask = 2147483647;
			files = (
				A6CEDF4522AD8AC4004D08C3 /* EloteroUITests.swift in Sources */,
			);
			runOnlyForDeploymentPostprocessing = 0;
		};
/* End PBXSourcesBuildPhase section */

/* Begin PBXTargetDependency section */
		A6CEDF3722AD8AC4004D08C3 /* PBXTargetDependency */ = {
			isa = PBXTargetDependency;
			target = A6CEDF2022AD8AC3004D08C3 /* Elotero */;
			targetProxy = A6CEDF3622AD8AC4004D08C3 /* PBXContainerItemProxy */;
		};
		A6CEDF4222AD8AC4004D08C3 /* PBXTargetDependency */ = {
			isa = PBXTargetDependency;
			target = A6CEDF2022AD8AC3004D08C3 /* Elotero */;
			targetProxy = A6CEDF4122AD8AC4004D08C3 /* PBXContainerItemProxy */;
		};
/* End PBXTargetDependency section */

/* Begin PBXVariantGroup section */
		A6CEDF2822AD8AC3004D08C3 /* Main.storyboard */ = {
			isa = PBXVariantGroup;
			children = (
				A6CEDF2922AD8AC3004D08C3 /* Base */,
			);
			name = Main.storyboard;
			sourceTree = "<group>";
		};
		A6CEDF2D22AD8AC4004D08C3 /* LaunchScreen.storyboard */ = {
			isa = PBXVariantGroup;
			children = (
				A6CEDF2E22AD8AC4004D08C3 /* Base */,
			);
			name = LaunchScreen.storyboard;
			sourceTree = "<group>";
		};
/* End PBXVariantGroup section */

/* Begin XCBuildConfiguration section */
		A6CEDF4722AD8AC4004D08C3 /* Debug */ = {
			isa = XCBuildConfiguration;
			buildSettings = {
				ALWAYS_SEARCH_USER_PATHS = NO;
				CLANG_ANALYZER_NONNULL = YES;
				CLANG_ANALYZER_NUMBER_OBJECT_CONVERSION = YES_AGGRESSIVE;
				CLANG_CXX_LANGUAGE_STANDARD = "gnu++14";
				CLANG_CXX_LIBRARY = "libc++";
				CLANG_ENABLE_MODULES = YES;
				CLANG_ENABLE_OBJC_ARC = YES;
				CLANG_ENABLE_OBJC_WEAK = YES;
				CLANG_WARN_BLOCK_CAPTURE_AUTORELEASING = YES;
				CLANG_WARN_BOOL_CONVERSION = YES;
				CLANG_WARN_COMMA = YES;
				CLANG_WARN_CONSTANT_CONVERSION = YES;
				CLANG_WARN_DEPRECATED_OBJC_IMPLEMENTATIONS = YES;
				CLANG_WARN_DIRECT_OBJC_ISA_USAGE = YES_ERROR;
				CLANG_WARN_DOCUMENTATION_COMMENTS = YES;
				CLANG_WARN_EMPTY_BODY = YES;
				CLANG_WARN_ENUM_CONVERSION = YES;
				CLANG_WARN_INFINITE_RECURSION = YES;
				CLANG_WARN_INT_CONVERSION = YES;
				CLANG_WARN_NON_LITERAL_NULL_CONVERSION = YES;
				CLANG_WARN_OBJC_IMPLICIT_RETAIN_SELF = YES;
				CLANG_WARN_OBJC_LITERAL_CONVERSION = YES;
				CLANG_WARN_OBJC_ROOT_CLASS = YES_ERROR;
				CLANG_WARN_RANGE_LOOP_ANALYSIS = YES;
				CLANG_WARN_STRICT_PROTOTYPES = YES;
				CLANG_WARN_SUSPICIOUS_MOVE = YES;
				CLANG_WARN_UNGUARDED_AVAILABILITY = YES_AGGRESSIVE;
				CLANG_WARN_UNREACHABLE_CODE = YES;
				CLANG_WARN__DUPLICATE_METHOD_MATCH = YES;
				CODE_SIGN_IDENTITY = "iPhone Developer";
				COPY_PHASE_STRIP = NO;
				DEBUG_INFORMATION_FORMAT = dwarf;
				ENABLE_STRICT_OBJC_MSGSEND = YES;
				ENABLE_TESTABILITY = YES;
				GCC_C_LANGUAGE_STANDARD = gnu11;
				GCC_DYNAMIC_NO_PIC = NO;
				GCC_NO_COMMON_BLOCKS = YES;
				GCC_OPTIMIZATION_LEVEL = 0;
				GCC_PREPROCESSOR_DEFINITIONS = (
					"DEBUG=1",
					"$(inherited)",
				);
				GCC_WARN_64_TO_32_BIT_CONVERSION = YES;
				GCC_WARN_ABOUT_RETURN_TYPE = YES_ERROR;
				GCC_WARN_UNDECLARED_SELECTOR = YES;
				GCC_WARN_UNINITIALIZED_AUTOS = YES_AGGRESSIVE;
				GCC_WARN_UNUSED_FUNCTION = YES;
				GCC_WARN_UNUSED_VARIABLE = YES;
				IPHONEOS_DEPLOYMENT_TARGET = 12.2;
				MTL_ENABLE_DEBUG_INFO = INCLUDE_SOURCE;
				MTL_FAST_MATH = YES;
				ONLY_ACTIVE_ARCH = YES;
				SDKROOT = iphoneos;
				SWIFT_ACTIVE_COMPILATION_CONDITIONS = DEBUG;
				SWIFT_OPTIMIZATION_LEVEL = "-Onone";
			};
			name = Debug;
		};
		A6CEDF4822AD8AC4004D08C3 /* Release */ = {
			isa = XCBuildConfiguration;
			buildSettings = {
				ALWAYS_SEARCH_USER_PATHS = NO;
				CLANG_ANALYZER_NONNULL = YES;
				CLANG_ANALYZER_NUMBER_OBJECT_CONVERSION = YES_AGGRESSIVE;
				CLANG_CXX_LANGUAGE_STANDARD = "gnu++14";
				CLANG_CXX_LIBRARY = "libc++";
				CLANG_ENABLE_MODULES = YES;
				CLANG_ENABLE_OBJC_ARC = YES;
				CLANG_ENABLE_OBJC_WEAK = YES;
				CLANG_WARN_BLOCK_CAPTURE_AUTORELEASING = YES;
				CLANG_WARN_BOOL_CONVERSION = YES;
				CLANG_WARN_COMMA = YES;
				CLANG_WARN_CONSTANT_CONVERSION = YES;
				CLANG_WARN_DEPRECATED_OBJC_IMPLEMENTATIONS = YES;
				CLANG_WARN_DIRECT_OBJC_ISA_USAGE = YES_ERROR;
				CLANG_WARN_DOCUMENTATION_COMMENTS = YES;
				CLANG_WARN_EMPTY_BODY = YES;
				CLANG_WARN_ENUM_CONVERSION = YES;
				CLANG_WARN_INFINITE_RECURSION = YES;
				CLANG_WARN_INT_CONVERSION = YES;
				CLANG_WARN_NON_LITERAL_NULL_CONVERSION = YES;
				CLANG_WARN_OBJC_IMPLICIT_RETAIN_SELF = YES;
				CLANG_WARN_OBJC_LITERAL_CONVERSION = YES;
				CLANG_WARN_OBJC_ROOT_CLASS = YES_ERROR;
				CLANG_WARN_RANGE_LOOP_ANALYSIS = YES;
				CLANG_WARN_STRICT_PROTOTYPES = YES;
				CLANG_WARN_SUSPICIOUS_MOVE = YES;
				CLANG_WARN_UNGUARDED_AVAILABILITY = YES_AGGRESSIVE;
				CLANG_WARN_UNREACHABLE_CODE = YES;
				CLANG_WARN__DUPLICATE_METHOD_MATCH = YES;
				CODE_SIGN_IDENTITY = "iPhone Developer";
				COPY_PHASE_STRIP = NO;
				DEBUG_INFORMATION_FORMAT = "dwarf-with-dsym";
				ENABLE_NS_ASSERTIONS = NO;
				ENABLE_STRICT_OBJC_MSGSEND = YES;
				GCC_C_LANGUAGE_STANDARD = gnu11;
				GCC_NO_COMMON_BLOCKS = YES;
				GCC_WARN_64_TO_32_BIT_CONVERSION = YES;
				GCC_WARN_ABOUT_RETURN_TYPE = YES_ERROR;
				GCC_WARN_UNDECLARED_SELECTOR = YES;
				GCC_WARN_UNINITIALIZED_AUTOS = YES_AGGRESSIVE;
				GCC_WARN_UNUSED_FUNCTION = YES;
				GCC_WARN_UNUSED_VARIABLE = YES;
				IPHONEOS_DEPLOYMENT_TARGET = 12.2;
				MTL_ENABLE_DEBUG_INFO = NO;
				MTL_FAST_MATH = YES;
				SDKROOT = iphoneos;
				SWIFT_COMPILATION_MODE = wholemodule;
				SWIFT_OPTIMIZATION_LEVEL = "-O";
				VALIDATE_PRODUCT = YES;
			};
			name = Release;
		};
		A6CEDF4A22AD8AC4004D08C3 /* Debug */ = {
			isa = XCBuildConfiguration;
			baseConfigurationReference = F27F23CB599E168EAA9E823A /* Pods-Elotero.debug.xcconfig */;
			buildSettings = {
				ASSETCATALOG_COMPILER_APPICON_NAME = AppIcon;
				CODE_SIGN_ENTITLEMENTS = Elotero/Elotero.entitlements;
				CODE_SIGN_STYLE = Automatic;
				DEVELOPMENT_TEAM = XLNX78VJ5X;
				INFOPLIST_FILE = Elotero/Info.plist;
				LD_RUNPATH_SEARCH_PATHS = (
					"$(inherited)",
					"@executable_path/Frameworks",
				);
				PRODUCT_BUNDLE_IDENTIFIER = com.Elotero;
				PRODUCT_NAME = "$(TARGET_NAME)";
				SWIFT_OBJC_BRIDGING_HEADER = Elotero/Headers/sha256Header.h;
				SWIFT_VERSION = 5.0;
				TARGETED_DEVICE_FAMILY = "1,2";
			};
			name = Debug;
		};
		A6CEDF4B22AD8AC4004D08C3 /* Release */ = {
			isa = XCBuildConfiguration;
			baseConfigurationReference = 18AC705E62C1903B0118D9CF /* Pods-Elotero.release.xcconfig */;
			buildSettings = {
				ASSETCATALOG_COMPILER_APPICON_NAME = AppIcon;
				CODE_SIGN_ENTITLEMENTS = Elotero/Elotero.entitlements;
				CODE_SIGN_STYLE = Automatic;
				DEVELOPMENT_TEAM = XLNX78VJ5X;
				INFOPLIST_FILE = Elotero/Info.plist;
				LD_RUNPATH_SEARCH_PATHS = (
					"$(inherited)",
					"@executable_path/Frameworks",
				);
				PRODUCT_BUNDLE_IDENTIFIER = com.Elotero;
				PRODUCT_NAME = "$(TARGET_NAME)";
				SWIFT_OBJC_BRIDGING_HEADER = Elotero/Headers/sha256Header.h;
				SWIFT_VERSION = 5.0;
				TARGETED_DEVICE_FAMILY = "1,2";
			};
			name = Release;
		};
		A6CEDF4D22AD8AC4004D08C3 /* Debug */ = {
			isa = XCBuildConfiguration;
			baseConfigurationReference = 4B15F0AE8D126D53A8DE430B /* Pods-EloteroTests.debug.xcconfig */;
			buildSettings = {
				ALWAYS_EMBED_SWIFT_STANDARD_LIBRARIES = YES;
				BUNDLE_LOADER = "$(TEST_HOST)";
				CODE_SIGN_STYLE = Automatic;
				DEVELOPMENT_TEAM = XLNX78VJ5X;
				INFOPLIST_FILE = EloteroTests/Info.plist;
				LD_RUNPATH_SEARCH_PATHS = (
					"$(inherited)",
					"@executable_path/Frameworks",
					"@loader_path/Frameworks",
				);
				PRODUCT_BUNDLE_IDENTIFIER = com.EloteroTests;
				PRODUCT_NAME = "$(TARGET_NAME)";
				SWIFT_VERSION = 5.0;
				TARGETED_DEVICE_FAMILY = "1,2";
				TEST_HOST = "$(BUILT_PRODUCTS_DIR)/Elotero.app/Elotero";
			};
			name = Debug;
		};
		A6CEDF4E22AD8AC4004D08C3 /* Release */ = {
			isa = XCBuildConfiguration;
			baseConfigurationReference = FFD21029F49C0755BBE68DC2 /* Pods-EloteroTests.release.xcconfig */;
			buildSettings = {
				ALWAYS_EMBED_SWIFT_STANDARD_LIBRARIES = YES;
				BUNDLE_LOADER = "$(TEST_HOST)";
				CODE_SIGN_STYLE = Automatic;
				DEVELOPMENT_TEAM = XLNX78VJ5X;
				INFOPLIST_FILE = EloteroTests/Info.plist;
				LD_RUNPATH_SEARCH_PATHS = (
					"$(inherited)",
					"@executable_path/Frameworks",
					"@loader_path/Frameworks",
				);
				PRODUCT_BUNDLE_IDENTIFIER = com.EloteroTests;
				PRODUCT_NAME = "$(TARGET_NAME)";
				SWIFT_VERSION = 5.0;
				TARGETED_DEVICE_FAMILY = "1,2";
				TEST_HOST = "$(BUILT_PRODUCTS_DIR)/Elotero.app/Elotero";
			};
			name = Release;
		};
		A6CEDF5022AD8AC4004D08C3 /* Debug */ = {
			isa = XCBuildConfiguration;
			baseConfigurationReference = A1C3EC96F0AFBBC4AE4C20DE /* Pods-EloteroUITests.debug.xcconfig */;
			buildSettings = {
				ALWAYS_EMBED_SWIFT_STANDARD_LIBRARIES = YES;
				CODE_SIGN_STYLE = Automatic;
				DEVELOPMENT_TEAM = XLNX78VJ5X;
				INFOPLIST_FILE = EloteroUITests/Info.plist;
				LD_RUNPATH_SEARCH_PATHS = (
					"$(inherited)",
					"@executable_path/Frameworks",
					"@loader_path/Frameworks",
				);
				PRODUCT_BUNDLE_IDENTIFIER = com.EloteroUITests;
				PRODUCT_NAME = "$(TARGET_NAME)";
				SWIFT_VERSION = 5.0;
				TARGETED_DEVICE_FAMILY = "1,2";
				TEST_TARGET_NAME = Elotero;
			};
			name = Debug;
		};
		A6CEDF5122AD8AC4004D08C3 /* Release */ = {
			isa = XCBuildConfiguration;
			baseConfigurationReference = 96747132DEDF85E695C9FE95 /* Pods-EloteroUITests.release.xcconfig */;
			buildSettings = {
				ALWAYS_EMBED_SWIFT_STANDARD_LIBRARIES = YES;
				CODE_SIGN_STYLE = Automatic;
				DEVELOPMENT_TEAM = XLNX78VJ5X;
				INFOPLIST_FILE = EloteroUITests/Info.plist;
				LD_RUNPATH_SEARCH_PATHS = (
					"$(inherited)",
					"@executable_path/Frameworks",
					"@loader_path/Frameworks",
				);
				PRODUCT_BUNDLE_IDENTIFIER = com.EloteroUITests;
				PRODUCT_NAME = "$(TARGET_NAME)";
				SWIFT_VERSION = 5.0;
				TARGETED_DEVICE_FAMILY = "1,2";
				TEST_TARGET_NAME = Elotero;
			};
			name = Release;
		};
/* End XCBuildConfiguration section */

/* Begin XCConfigurationList section */
		A6CEDF1C22AD8AC2004D08C3 /* Build configuration list for PBXProject "Elotero" */ = {
			isa = XCConfigurationList;
			buildConfigurations = (
				A6CEDF4722AD8AC4004D08C3 /* Debug */,
				A6CEDF4822AD8AC4004D08C3 /* Release */,
			);
			defaultConfigurationIsVisible = 0;
			defaultConfigurationName = Release;
		};
		A6CEDF4922AD8AC4004D08C3 /* Build configuration list for PBXNativeTarget "Elotero" */ = {
			isa = XCConfigurationList;
			buildConfigurations = (
				A6CEDF4A22AD8AC4004D08C3 /* Debug */,
				A6CEDF4B22AD8AC4004D08C3 /* Release */,
			);
			defaultConfigurationIsVisible = 0;
			defaultConfigurationName = Release;
		};
		A6CEDF4C22AD8AC4004D08C3 /* Build configuration list for PBXNativeTarget "EloteroTests" */ = {
			isa = XCConfigurationList;
			buildConfigurations = (
				A6CEDF4D22AD8AC4004D08C3 /* Debug */,
				A6CEDF4E22AD8AC4004D08C3 /* Release */,
			);
			defaultConfigurationIsVisible = 0;
			defaultConfigurationName = Release;
		};
		A6CEDF4F22AD8AC4004D08C3 /* Build configuration list for PBXNativeTarget "EloteroUITests" */ = {
			isa = XCConfigurationList;
			buildConfigurations = (
				A6CEDF5022AD8AC4004D08C3 /* Debug */,
				A6CEDF5122AD8AC4004D08C3 /* Release */,
			);
			defaultConfigurationIsVisible = 0;
			defaultConfigurationName = Release;
		};
/* End XCConfigurationList section */
	};
	rootObject = A6CEDF1922AD8AC2004D08C3 /* Project object */;
}
